
Microsoft Visual Studio Solution File, Format Version 12.00
# Visual Studio Version 17
VisualStudioVersion = 17.7.34031.279
MinimumVisualStudioVersion = 10.0.40219.1
Project("{9A19103F-16F7-4668-BE54-9A1E7A4F7556}") = "ReactDotNetExample", "ReactDotNetExample.csproj", "{B9E5AE52-F676-4AA1-85A6-996480480CCC}"
EndProject
Global
	GlobalSection(SolutionConfigurationPlatforms) = preSolution
		Debug|Any CPU = Debug|Any CPU
		Release|Any CPU = Release|Any CPU
	EndGlobalSection
	GlobalSection(ProjectConfigurationPlatforms) = postSolution
		{B9E5AE52-F676-4AA1-85A6-996480480CCC}.Debug|Any CPU.ActiveCfg = Debug|Any CPU
		{B9E5AE52-F676-4AA1-85A6-996480480CCC}.Debug|Any CPU.Build.0 = Debug|Any CPU
		{B9E5AE52-F676-4AA1-85A6-996480480CCC}.Release|Any CPU.ActiveCfg = Release|Any CPU
		{B9E5AE52-F676-4AA1-85A6-996480480CCC}.Release|Any CPU.Build.0 = Release|Any CPU
	EndGlobalSection
	GlobalSection(SolutionProperties) = preSolution
		HideSolutionNode = FALSE
	EndGlobalSection
	GlobalSection(ExtensibilityGlobals) = postSolution
		SolutionGuid = {57C7652F-3FC7-4230-8D7A-4596A033FC93}
	EndGlobalSection
EndGlobal
