
Microsoft Visual Studio Solution File, Format Version 12.00
# Visual Studio Version 17
VisualStudioVersion = 17.7.34031.279
MinimumVisualStudioVersion = 10.0.40219.1
Project("{9A19103F-16F7-4668-BE54-9A1E7A4F7556}") = "BackendAPI", "BackendAPI.csproj", "{623F86D3-B3BA-4E0F-B5CE-8023FD66CFF4}"
EndProject
Global
	GlobalSection(SolutionConfigurationPlatforms) = preSolution
		Debug|Any CPU = Debug|Any CPU
		Release|Any CPU = Release|Any CPU
	EndGlobalSection
	GlobalSection(ProjectConfigurationPlatforms) = postSolution
		{623F86D3-B3BA-4E0F-B5CE-8023FD66CFF4}.Debug|Any CPU.ActiveCfg = Debug|Any CPU
		{623F86D3-B3BA-4E0F-B5CE-8023FD66CFF4}.Debug|Any CPU.Build.0 = Debug|Any CPU
		{623F86D3-B3BA-4E0F-B5CE-8023FD66CFF4}.Release|Any CPU.ActiveCfg = Release|Any CPU
		{623F86D3-B3BA-4E0F-B5CE-8023FD66CFF4}.Release|Any CPU.Build.0 = Release|Any CPU
	EndGlobalSection
	GlobalSection(SolutionProperties) = preSolution
		HideSolutionNode = FALSE
	EndGlobalSection
	GlobalSection(ExtensibilityGlobals) = postSolution
		SolutionGuid = {E8F0E10D-7780-4A45-B3BD-B3698CF397FE}
	EndGlobalSection
EndGlobal
