
Microsoft Visual Studio Solution File, Format Version 12.00
# Visual Studio Version 17
VisualStudioVersion = 17.7.34031.279
MinimumVisualStudioVersion = 10.0.40219.1
Project("{FAE04EC0-301F-11D3-BF4B-00C04F79EFBC}") = "First_React", "First_React.csproj", "{C4BD6E07-F2F5-4CBB-9F22-B3EA95974302}"
EndProject
Global
	GlobalSection(SolutionConfigurationPlatforms) = preSolution
		Debug|Any CPU = Debug|Any CPU
		Release|Any CPU = Release|Any CPU
	EndGlobalSection
	GlobalSection(ProjectConfigurationPlatforms) = postSolution
		{C4BD6E07-F2F5-4CBB-9F22-B3EA95974302}.Debug|Any CPU.ActiveCfg = Debug|Any CPU
		{C4BD6E07-F2F5-4CBB-9F22-B3EA95974302}.Debug|Any CPU.Build.0 = Debug|Any CPU
		{C4BD6E07-F2F5-4CBB-9F22-B3EA95974302}.Release|Any CPU.ActiveCfg = Release|Any CPU
		{C4BD6E07-F2F5-4CBB-9F22-B3EA95974302}.Release|Any CPU.Build.0 = Release|Any CPU
	EndGlobalSection
	GlobalSection(SolutionProperties) = preSolution
		HideSolutionNode = FALSE
	EndGlobalSection
	GlobalSection(ExtensibilityGlobals) = postSolution
		SolutionGuid = {8D95E4D3-55E0-4995-B9ED-A4A96AD97FE5}
	EndGlobalSection
EndGlobal
